
Microsoft Visual Studio Solution File, Format Version 12.00
# Visual Studio Version 16
VisualStudioVersion = 16.0.31005.135
MinimumVisualStudioVersion = 10.0.40219.1
Project("{8BC9CEB8-8B4A-11D0-8D11-00A0C91BC942}") = "dbj_leveldb_test", "dbj_leveldb_test\dbj_leveldb_test.vcxproj", "{7806E406-5162-4406-940B-67650C3691B0}"
EndProject
Project("{8BC9CEB8-8B4A-11D0-8D11-00A0C91BC942}") = "dbj_leveldb", "dbj_leveldb\dbj_leveldb.vcxproj", "{A8F35C0D-9C0A-405A-97FD-66F8E78CEACF}"
EndProject
Project("{8BC9CEB8-8B4A-11D0-8D11-00A0C91BC942}") = "leveldb_code", "leveldb_code\leveldb_code.vcxitems", "{1F618399-56D0-41D2-B695-0096B0385A10}"
EndProject
Global
	GlobalSection(SharedMSBuildProjectFiles) = preSolution
		leveldb_code\leveldb_code.vcxitems*{1f618399-56d0-41d2-b695-0096b0385a10}*SharedItemsImports = 9
		leveldb_code\leveldb_code.vcxitems*{a8f35c0d-9c0a-405a-97fd-66f8e78ceacf}*SharedItemsImports = 4
	EndGlobalSection
	GlobalSection(SolutionConfigurationPlatforms) = preSolution
		Debug|x64 = Debug|x64
		Release|x64 = Release|x64
	EndGlobalSection
	GlobalSection(ProjectConfigurationPlatforms) = postSolution
		{7806E406-5162-4406-940B-67650C3691B0}.Debug|x64.ActiveCfg = Debug|x64
		{7806E406-5162-4406-940B-67650C3691B0}.Debug|x64.Build.0 = Debug|x64
		{7806E406-5162-4406-940B-67650C3691B0}.Release|x64.ActiveCfg = Release|x64
		{7806E406-5162-4406-940B-67650C3691B0}.Release|x64.Build.0 = Release|x64
		{A8F35C0D-9C0A-405A-97FD-66F8E78CEACF}.Debug|x64.ActiveCfg = Debug|x64
		{A8F35C0D-9C0A-405A-97FD-66F8E78CEACF}.Debug|x64.Build.0 = Debug|x64
		{A8F35C0D-9C0A-405A-97FD-66F8E78CEACF}.Release|x64.ActiveCfg = Release|x64
		{A8F35C0D-9C0A-405A-97FD-66F8E78CEACF}.Release|x64.Build.0 = Release|x64
	EndGlobalSection
	GlobalSection(SolutionProperties) = preSolution
		HideSolutionNode = FALSE
	EndGlobalSection
	GlobalSection(ExtensibilityGlobals) = postSolution
		SolutionGuid = {7E2BADF9-769E-456F-9D76-1EFE635CD44A}
	EndGlobalSection
EndGlobal
